// !$*UTF8*$!
{
	archiveVersion = 1;
	classes = {
	};
	objectVersion = 46;
	objects = {

/* Begin PBXBuildFile section */
		284D05821E67E554007DF96D /* AppDelegate.swift in Sources */ = {isa = PBXBuildFile; fileRef = 284D05811E67E554007DF96D /* AppDelegate.swift */; };
		284D05841E67E554007DF96D /* FirstViewController.swift in Sources */ = {isa = PBXBuildFile; fileRef = 284D05831E67E554007DF96D /* FirstViewController.swift */; };
		284D05861E67E554007DF96D /* SecondViewController.swift in Sources */ = {isa = PBXBuildFile; fileRef = 284D05851E67E554007DF96D /* SecondViewController.swift */; };
		284D05891E67E554007DF96D /* Main.storyboard in Resources */ = {isa = PBXBuildFile; fileRef = 284D05871E67E554007DF96D /* Main.storyboard */; };
		284D058B1E67E554007DF96D /* Assets.xcassets in Resources */ = {isa = PBXBuildFile; fileRef = 284D058A1E67E554007DF96D /* Assets.xcassets */; };
		284D058E1E67E554007DF96D /* LaunchScreen.storyboard in Resources */ = {isa = PBXBuildFile; fileRef = 284D058C1E67E554007DF96D /* LaunchScreen.storyboard */; };
		284D05991E67E554007DF96D /* NursingTests.swift in Sources */ = {isa = PBXBuildFile; fileRef = 284D05981E67E554007DF96D /* NursingTests.swift */; };
		284D05A41E67E554007DF96D /* NursingUITests.swift in Sources */ = {isa = PBXBuildFile; fileRef = 284D05A31E67E554007DF96D /* NursingUITests.swift */; };
		285B29121E67E78E00FD9087 /* NursingCommon.framework in Frameworks */ = {isa = PBXBuildFile; fileRef = 285B29091E67E78E00FD9087 /* NursingCommon.framework */; };
		285B29191E67E78E00FD9087 /* NursingCommonTests.swift in Sources */ = {isa = PBXBuildFile; fileRef = 285B29181E67E78E00FD9087 /* NursingCommonTests.swift */; };
		285B291B1E67E78E00FD9087 /* NursingCommon.h in Headers */ = {isa = PBXBuildFile; fileRef = 285B290B1E67E78E00FD9087 /* NursingCommon.h */; settings = {ATTRIBUTES = (Public, ); }; };
		285B291E1E67E78E00FD9087 /* NursingCommon.framework in Frameworks */ = {isa = PBXBuildFile; fileRef = 285B29091E67E78E00FD9087 /* NursingCommon.framework */; };
		285B291F1E67E78E00FD9087 /* NursingCommon.framework in Embed Frameworks */ = {isa = PBXBuildFile; fileRef = 285B29091E67E78E00FD9087 /* NursingCommon.framework */; settings = {ATTRIBUTES = (CodeSignOnCopy, RemoveHeadersOnCopy, ); }; };
		4E7F7B43FFDBC5CAA111B5CA /* Pods_NursingTests.framework in Frameworks */ = {isa = PBXBuildFile; fileRef = BAD1E5725463F828B9355913 /* Pods_NursingTests.framework */; };
		5AC8506C2D2590F047EA2958 /* Pods_NursingCommonTests.framework in Frameworks */ = {isa = PBXBuildFile; fileRef = A906E6F1C4515F2DFB20783A /* Pods_NursingCommonTests.framework */; };
		617FD80157B3628D305ED4CE /* Pods_NursingUITests.framework in Frameworks */ = {isa = PBXBuildFile; fileRef = D3E662FB51F5860B1F53642A /* Pods_NursingUITests.framework */; };
		7BDE4F57F4C9981B59045D76 /* Pods_NursingCommon.framework in Frameworks */ = {isa = PBXBuildFile; fileRef = F604BD730D0305E7F1DBC1B3 /* Pods_NursingCommon.framework */; };
		B42E26C26BF771213E9DAE1C /* Pods_Nursing.framework in Frameworks */ = {isa = PBXBuildFile; fileRef = 972DB5AEECFD57F2BBAF2785 /* Pods_Nursing.framework */; };
/* End PBXBuildFile section */

/* Begin PBXContainerItemProxy section */
		284D05951E67E554007DF96D /* PBXContainerItemProxy */ = {
			isa = PBXContainerItemProxy;
			containerPortal = 284D05761E67E554007DF96D /* Project object */;
			proxyType = 1;
			remoteGlobalIDString = 284D057D1E67E554007DF96D;
			remoteInfo = Nursing;
		};
		284D05A01E67E554007DF96D /* PBXContainerItemProxy */ = {
			isa = PBXContainerItemProxy;
			containerPortal = 284D05761E67E554007DF96D /* Project object */;
			proxyType = 1;
			remoteGlobalIDString = 284D057D1E67E554007DF96D;
			remoteInfo = Nursing;
		};
		285B29131E67E78E00FD9087 /* PBXContainerItemProxy */ = {
			isa = PBXContainerItemProxy;
			containerPortal = 284D05761E67E554007DF96D /* Project object */;
			proxyType = 1;
			remoteGlobalIDString = 285B29081E67E78E00FD9087;
			remoteInfo = NursingCommon;
		};
		285B29151E67E78E00FD9087 /* PBXContainerItemProxy */ = {
			isa = PBXContainerItemProxy;
			containerPortal = 284D05761E67E554007DF96D /* Project object */;
			proxyType = 1;
			remoteGlobalIDString = 284D057D1E67E554007DF96D;
			remoteInfo = Nursing;
		};
		285B291C1E67E78E00FD9087 /* PBXContainerItemProxy */ = {
			isa = PBXContainerItemProxy;
			containerPortal = 284D05761E67E554007DF96D /* Project object */;
			proxyType = 1;
			remoteGlobalIDString = 285B29081E67E78E00FD9087;
			remoteInfo = NursingCommon;
		};
/* End PBXContainerItemProxy section */

/* Begin PBXCopyFilesBuildPhase section */
		285B29251E67E78E00FD9087 /* Embed Frameworks */ = {
			isa = PBXCopyFilesBuildPhase;
			buildActionMask = 2147483647;
			dstPath = "";
			dstSubfolderSpec = 10;
			files = (
				285B291F1E67E78E00FD9087 /* NursingCommon.framework in Embed Frameworks */,
			);
			name = "Embed Frameworks";
			runOnlyForDeploymentPostprocessing = 0;
		};
/* End PBXCopyFilesBuildPhase section */

/* Begin PBXFileReference section */
		0182F2B4507DD5EEB50E2376 /* Pods-NursingTests.debug.xcconfig */ = {isa = PBXFileReference; includeInIndex = 1; lastKnownFileType = text.xcconfig; name = "Pods-NursingTests.debug.xcconfig"; path = "Pods/Target Support Files/Pods-NursingTests/Pods-NursingTests.debug.xcconfig"; sourceTree = "<group>"; };
		035C41270E3D387251629120 /* Pods-NursingCommonTests.debug.xcconfig */ = {isa = PBXFileReference; includeInIndex = 1; lastKnownFileType = text.xcconfig; name = "Pods-NursingCommonTests.debug.xcconfig"; path = "Pods/Target Support Files/Pods-NursingCommonTests/Pods-NursingCommonTests.debug.xcconfig"; sourceTree = "<group>"; };
		179704984B3883EFE7F1D195 /* Pods-NursingCommon.debug.xcconfig */ = {isa = PBXFileReference; includeInIndex = 1; lastKnownFileType = text.xcconfig; name = "Pods-NursingCommon.debug.xcconfig"; path = "Pods/Target Support Files/Pods-NursingCommon/Pods-NursingCommon.debug.xcconfig"; sourceTree = "<group>"; };
		284D057E1E67E554007DF96D /* Nursing.app */ = {isa = PBXFileReference; explicitFileType = wrapper.application; includeInIndex = 0; path = Nursing.app; sourceTree = BUILT_PRODUCTS_DIR; };
		284D05811E67E554007DF96D /* AppDelegate.swift */ = {isa = PBXFileReference; lastKnownFileType = sourcecode.swift; path = AppDelegate.swift; sourceTree = "<group>"; };
		284D05831E67E554007DF96D /* FirstViewController.swift */ = {isa = PBXFileReference; lastKnownFileType = sourcecode.swift; path = FirstViewController.swift; sourceTree = "<group>"; };
		284D05851E67E554007DF96D /* SecondViewController.swift */ = {isa = PBXFileReference; lastKnownFileType = sourcecode.swift; path = SecondViewController.swift; sourceTree = "<group>"; };
		284D05881E67E554007DF96D /* Base */ = {isa = PBXFileReference; lastKnownFileType = file.storyboard; name = Base; path = Base.lproj/Main.storyboard; sourceTree = "<group>"; };
		284D058A1E67E554007DF96D /* Assets.xcassets */ = {isa = PBXFileReference; lastKnownFileType = folder.assetcatalog; path = Assets.xcassets; sourceTree = "<group>"; };
		284D058D1E67E554007DF96D /* Base */ = {isa = PBXFileReference; lastKnownFileType = file.storyboard; name = Base; path = Base.lproj/LaunchScreen.storyboard; sourceTree = "<group>"; };
		284D058F1E67E554007DF96D /* Info.plist */ = {isa = PBXFileReference; lastKnownFileType = text.plist.xml; path = Info.plist; sourceTree = "<group>"; };
		284D05941E67E554007DF96D /* NursingTests.xctest */ = {isa = PBXFileReference; explicitFileType = wrapper.cfbundle; includeInIndex = 0; path = NursingTests.xctest; sourceTree = BUILT_PRODUCTS_DIR; };
		284D05981E67E554007DF96D /* NursingTests.swift */ = {isa = PBXFileReference; lastKnownFileType = sourcecode.swift; path = NursingTests.swift; sourceTree = "<group>"; };
		284D059A1E67E554007DF96D /* Info.plist */ = {isa = PBXFileReference; lastKnownFileType = text.plist.xml; path = Info.plist; sourceTree = "<group>"; };
		284D059F1E67E554007DF96D /* NursingUITests.xctest */ = {isa = PBXFileReference; explicitFileType = wrapper.cfbundle; includeInIndex = 0; path = NursingUITests.xctest; sourceTree = BUILT_PRODUCTS_DIR; };
		284D05A31E67E554007DF96D /* NursingUITests.swift */ = {isa = PBXFileReference; lastKnownFileType = sourcecode.swift; path = NursingUITests.swift; sourceTree = "<group>"; };
		284D05A51E67E554007DF96D /* Info.plist */ = {isa = PBXFileReference; lastKnownFileType = text.plist.xml; path = Info.plist; sourceTree = "<group>"; };
		285B29091E67E78E00FD9087 /* NursingCommon.framework */ = {isa = PBXFileReference; explicitFileType = wrapper.framework; includeInIndex = 0; path = NursingCommon.framework; sourceTree = BUILT_PRODUCTS_DIR; };
		285B290B1E67E78E00FD9087 /* NursingCommon.h */ = {isa = PBXFileReference; lastKnownFileType = sourcecode.c.h; path = NursingCommon.h; sourceTree = "<group>"; };
		285B290C1E67E78E00FD9087 /* Info.plist */ = {isa = PBXFileReference; lastKnownFileType = text.plist.xml; path = Info.plist; sourceTree = "<group>"; };
		285B29111E67E78E00FD9087 /* NursingCommonTests.xctest */ = {isa = PBXFileReference; explicitFileType = wrapper.cfbundle; includeInIndex = 0; path = NursingCommonTests.xctest; sourceTree = BUILT_PRODUCTS_DIR; };
		285B29181E67E78E00FD9087 /* NursingCommonTests.swift */ = {isa = PBXFileReference; lastKnownFileType = sourcecode.swift; path = NursingCommonTests.swift; sourceTree = "<group>"; };
		285B291A1E67E78E00FD9087 /* Info.plist */ = {isa = PBXFileReference; lastKnownFileType = text.plist.xml; path = Info.plist; sourceTree = "<group>"; };
		71D3D141B0BD08969CE29144 /* Pods-NursingUITests.debug.xcconfig */ = {isa = PBXFileReference; includeInIndex = 1; lastKnownFileType = text.xcconfig; name = "Pods-NursingUITests.debug.xcconfig"; path = "Pods/Target Support Files/Pods-NursingUITests/Pods-NursingUITests.debug.xcconfig"; sourceTree = "<group>"; };
		73D129C8E295A1849C85DBD2 /* Pods-Nursing.debug.xcconfig */ = {isa = PBXFileReference; includeInIndex = 1; lastKnownFileType = text.xcconfig; name = "Pods-Nursing.debug.xcconfig"; path = "Pods/Target Support Files/Pods-Nursing/Pods-Nursing.debug.xcconfig"; sourceTree = "<group>"; };
		9409B613330087AA68CF9A4A /* Pods-NursingCommonTests.release.xcconfig */ = {isa = PBXFileReference; includeInIndex = 1; lastKnownFileType = text.xcconfig; name = "Pods-NursingCommonTests.release.xcconfig"; path = "Pods/Target Support Files/Pods-NursingCommonTests/Pods-NursingCommonTests.release.xcconfig"; sourceTree = "<group>"; };
		972DB5AEECFD57F2BBAF2785 /* Pods_Nursing.framework */ = {isa = PBXFileReference; explicitFileType = wrapper.framework; includeInIndex = 0; path = Pods_Nursing.framework; sourceTree = BUILT_PRODUCTS_DIR; };
		A906E6F1C4515F2DFB20783A /* Pods_NursingCommonTests.framework */ = {isa = PBXFileReference; explicitFileType = wrapper.framework; includeInIndex = 0; path = Pods_NursingCommonTests.framework; sourceTree = BUILT_PRODUCTS_DIR; };
		BAD1E5725463F828B9355913 /* Pods_NursingTests.framework */ = {isa = PBXFileReference; explicitFileType = wrapper.framework; includeInIndex = 0; path = Pods_NursingTests.framework; sourceTree = BUILT_PRODUCTS_DIR; };
		C0DF136EB668D9AE02019B82 /* Pods-NursingUITests.release.xcconfig */ = {isa = PBXFileReference; includeInIndex = 1; lastKnownFileType = text.xcconfig; name = "Pods-NursingUITests.release.xcconfig"; path = "Pods/Target Support Files/Pods-NursingUITests/Pods-NursingUITests.release.xcconfig"; sourceTree = "<group>"; };
		CC8A0E999D989AECAE8F4F9A /* Pods-Nursing.release.xcconfig */ = {isa = PBXFileReference; includeInIndex = 1; lastKnownFileType = text.xcconfig; name = "Pods-Nursing.release.xcconfig"; path = "Pods/Target Support Files/Pods-Nursing/Pods-Nursing.release.xcconfig"; sourceTree = "<group>"; };
		D3E662FB51F5860B1F53642A /* Pods_NursingUITests.framework */ = {isa = PBXFileReference; explicitFileType = wrapper.framework; includeInIndex = 0; path = Pods_NursingUITests.framework; sourceTree = BUILT_PRODUCTS_DIR; };
		D50403CA732ACB51415424E5 /* Pods-NursingTests.release.xcconfig */ = {isa = PBXFileReference; includeInIndex = 1; lastKnownFileType = text.xcconfig; name = "Pods-NursingTests.release.xcconfig"; path = "Pods/Target Support Files/Pods-NursingTests/Pods-NursingTests.release.xcconfig"; sourceTree = "<group>"; };
		E1BE1FAA45A7E1866EEC5D4D /* Pods-NursingCommon.release.xcconfig */ = {isa = PBXFileReference; includeInIndex = 1; lastKnownFileType = text.xcconfig; name = "Pods-NursingCommon.release.xcconfig"; path = "Pods/Target Support Files/Pods-NursingCommon/Pods-NursingCommon.release.xcconfig"; sourceTree = "<group>"; };
		F604BD730D0305E7F1DBC1B3 /* Pods_NursingCommon.framework */ = {isa = PBXFileReference; explicitFileType = wrapper.framework; includeInIndex = 0; path = Pods_NursingCommon.framework; sourceTree = BUILT_PRODUCTS_DIR; };
/* End PBXFileReference section */

/* Begin PBXFrameworksBuildPhase section */
		284D057B1E67E554007DF96D /* Frameworks */ = {
			isa = PBXFrameworksBuildPhase;
			buildActionMask = 2147483647;
			files = (
				285B291E1E67E78E00FD9087 /* NursingCommon.framework in Frameworks */,
				B42E26C26BF771213E9DAE1C /* Pods_Nursing.framework in Frameworks */,
			);
			runOnlyForDeploymentPostprocessing = 0;
		};
		284D05911E67E554007DF96D /* Frameworks */ = {
			isa = PBXFrameworksBuildPhase;
			buildActionMask = 2147483647;
			files = (
				4E7F7B43FFDBC5CAA111B5CA /* Pods_NursingTests.framework in Frameworks */,
			);
			runOnlyForDeploymentPostprocessing = 0;
		};
		284D059C1E67E554007DF96D /* Frameworks */ = {
			isa = PBXFrameworksBuildPhase;
			buildActionMask = 2147483647;
			files = (
				617FD80157B3628D305ED4CE /* Pods_NursingUITests.framework in Frameworks */,
			);
			runOnlyForDeploymentPostprocessing = 0;
		};
		285B29051E67E78E00FD9087 /* Frameworks */ = {
			isa = PBXFrameworksBuildPhase;
			buildActionMask = 2147483647;
			files = (
				7BDE4F57F4C9981B59045D76 /* Pods_NursingCommon.framework in Frameworks */,
			);
			runOnlyForDeploymentPostprocessing = 0;
		};
		285B290E1E67E78E00FD9087 /* Frameworks */ = {
			isa = PBXFrameworksBuildPhase;
			buildActionMask = 2147483647;
			files = (
				285B29121E67E78E00FD9087 /* NursingCommon.framework in Frameworks */,
				5AC8506C2D2590F047EA2958 /* Pods_NursingCommonTests.framework in Frameworks */,
			);
			runOnlyForDeploymentPostprocessing = 0;
		};
/* End PBXFrameworksBuildPhase section */

/* Begin PBXGroup section */
		284D05751E67E554007DF96D = {
			isa = PBXGroup;
			children = (
				284D05801E67E554007DF96D /* Nursing */,
				284D05971E67E554007DF96D /* NursingTests */,
				284D05A21E67E554007DF96D /* NursingUITests */,
				285B290A1E67E78E00FD9087 /* NursingCommon */,
				285B29171E67E78E00FD9087 /* NursingCommonTests */,
				284D057F1E67E554007DF96D /* Products */,
				76E61D40FD5F61761113204E /* Pods */,
				960D1B6704F9129133003A7F /* Frameworks */,
			);
			sourceTree = "<group>";
		};
		284D057F1E67E554007DF96D /* Products */ = {
			isa = PBXGroup;
			children = (
				284D057E1E67E554007DF96D /* Nursing.app */,
				284D05941E67E554007DF96D /* NursingTests.xctest */,
				284D059F1E67E554007DF96D /* NursingUITests.xctest */,
				285B29091E67E78E00FD9087 /* NursingCommon.framework */,
				285B29111E67E78E00FD9087 /* NursingCommonTests.xctest */,
			);
			name = Products;
			sourceTree = "<group>";
		};
		284D05801E67E554007DF96D /* Nursing */ = {
			isa = PBXGroup;
			children = (
				284D05811E67E554007DF96D /* AppDelegate.swift */,
				284D05831E67E554007DF96D /* FirstViewController.swift */,
				284D05851E67E554007DF96D /* SecondViewController.swift */,
				284D05871E67E554007DF96D /* Main.storyboard */,
				284D058A1E67E554007DF96D /* Assets.xcassets */,
				284D058C1E67E554007DF96D /* LaunchScreen.storyboard */,
				284D058F1E67E554007DF96D /* Info.plist */,
			);
			path = Nursing;
			sourceTree = "<group>";
		};
		284D05971E67E554007DF96D /* NursingTests */ = {
			isa = PBXGroup;
			children = (
				284D05981E67E554007DF96D /* NursingTests.swift */,
				284D059A1E67E554007DF96D /* Info.plist */,
			);
			path = NursingTests;
			sourceTree = "<group>";
		};
		284D05A21E67E554007DF96D /* NursingUITests */ = {
			isa = PBXGroup;
			children = (
				284D05A31E67E554007DF96D /* NursingUITests.swift */,
				284D05A51E67E554007DF96D /* Info.plist */,
			);
			path = NursingUITests;
			sourceTree = "<group>";
		};
		285B290A1E67E78E00FD9087 /* NursingCommon */ = {
			isa = PBXGroup;
			children = (
				285B290B1E67E78E00FD9087 /* NursingCommon.h */,
				285B290C1E67E78E00FD9087 /* Info.plist */,
			);
			path = NursingCommon;
			sourceTree = "<group>";
		};
		285B29171E67E78E00FD9087 /* NursingCommonTests */ = {
			isa = PBXGroup;
			children = (
				285B29181E67E78E00FD9087 /* NursingCommonTests.swift */,
				285B291A1E67E78E00FD9087 /* Info.plist */,
			);
			path = NursingCommonTests;
			sourceTree = "<group>";
		};
		76E61D40FD5F61761113204E /* Pods */ = {
			isa = PBXGroup;
			children = (
				73D129C8E295A1849C85DBD2 /* Pods-Nursing.debug.xcconfig */,
				CC8A0E999D989AECAE8F4F9A /* Pods-Nursing.release.xcconfig */,
				179704984B3883EFE7F1D195 /* Pods-NursingCommon.debug.xcconfig */,
				E1BE1FAA45A7E1866EEC5D4D /* Pods-NursingCommon.release.xcconfig */,
				035C41270E3D387251629120 /* Pods-NursingCommonTests.debug.xcconfig */,
				9409B613330087AA68CF9A4A /* Pods-NursingCommonTests.release.xcconfig */,
				0182F2B4507DD5EEB50E2376 /* Pods-NursingTests.debug.xcconfig */,
				D50403CA732ACB51415424E5 /* Pods-NursingTests.release.xcconfig */,
				71D3D141B0BD08969CE29144 /* Pods-NursingUITests.debug.xcconfig */,
				C0DF136EB668D9AE02019B82 /* Pods-NursingUITests.release.xcconfig */,
			);
			name = Pods;
			sourceTree = "<group>";
		};
		960D1B6704F9129133003A7F /* Frameworks */ = {
			isa = PBXGroup;
			children = (
				972DB5AEECFD57F2BBAF2785 /* Pods_Nursing.framework */,
				F604BD730D0305E7F1DBC1B3 /* Pods_NursingCommon.framework */,
				A906E6F1C4515F2DFB20783A /* Pods_NursingCommonTests.framework */,
				BAD1E5725463F828B9355913 /* Pods_NursingTests.framework */,
				D3E662FB51F5860B1F53642A /* Pods_NursingUITests.framework */,
			);
			name = Frameworks;
			sourceTree = "<group>";
		};
/* End PBXGroup section */

/* Begin PBXHeadersBuildPhase section */
		285B29061E67E78E00FD9087 /* Headers */ = {
			isa = PBXHeadersBuildPhase;
			buildActionMask = 2147483647;
			files = (
				285B291B1E67E78E00FD9087 /* NursingCommon.h in Headers */,
			);
			runOnlyForDeploymentPostprocessing = 0;
		};
/* End PBXHeadersBuildPhase section */

/* Begin PBXNativeTarget section */
		284D057D1E67E554007DF96D /* Nursing */ = {
			isa = PBXNativeTarget;
			buildConfigurationList = 284D05A81E67E554007DF96D /* Build configuration list for PBXNativeTarget "Nursing" */;
			buildPhases = (
				4794DD1A1463B862EA18C263 /* [CP] Check Pods Manifest.lock */,
				284D057A1E67E554007DF96D /* Sources */,
				284D057B1E67E554007DF96D /* Frameworks */,
				284D057C1E67E554007DF96D /* Resources */,
				285B29251E67E78E00FD9087 /* Embed Frameworks */,
				83F4A3E15168D23A762C4013 /* [CP] Embed Pods Frameworks */,
				D295BE63591DDCB2B66524CA /* [CP] Copy Pods Resources */,
			);
			buildRules = (
			);
			dependencies = (
				285B291D1E67E78E00FD9087 /* PBXTargetDependency */,
			);
			name = Nursing;
			productName = Nursing;
			productReference = 284D057E1E67E554007DF96D /* Nursing.app */;
			productType = "com.apple.product-type.application";
		};
		284D05931E67E554007DF96D /* NursingTests */ = {
			isa = PBXNativeTarget;
			buildConfigurationList = 284D05AB1E67E554007DF96D /* Build configuration list for PBXNativeTarget "NursingTests" */;
			buildPhases = (
				32048838EC4E1A9C06BD01BB /* [CP] Check Pods Manifest.lock */,
				284D05901E67E554007DF96D /* Sources */,
				284D05911E67E554007DF96D /* Frameworks */,
				284D05921E67E554007DF96D /* Resources */,
				08DAF788D570B16396A41F2E /* [CP] Embed Pods Frameworks */,
				4B8E89A0727BBEEDAE96CF37 /* [CP] Copy Pods Resources */,
			);
			buildRules = (
			);
			dependencies = (
				284D05961E67E554007DF96D /* PBXTargetDependency */,
			);
			name = NursingTests;
			productName = NursingTests;
			productReference = 284D05941E67E554007DF96D /* NursingTests.xctest */;
			productType = "com.apple.product-type.bundle.unit-test";
		};
		284D059E1E67E554007DF96D /* NursingUITests */ = {
			isa = PBXNativeTarget;
			buildConfigurationList = 284D05AE1E67E554007DF96D /* Build configuration list for PBXNativeTarget "NursingUITests" */;
			buildPhases = (
				0B501F19B1D11DE7FF1E9DFD /* [CP] Check Pods Manifest.lock */,
				284D059B1E67E554007DF96D /* Sources */,
				284D059C1E67E554007DF96D /* Frameworks */,
				284D059D1E67E554007DF96D /* Resources */,
				89EC9C162BA4CE8EB0961F4C /* [CP] Embed Pods Frameworks */,
				605287255AEC9D8E89FB80E2 /* [CP] Copy Pods Resources */,
			);
			buildRules = (
			);
			dependencies = (
				284D05A11E67E554007DF96D /* PBXTargetDependency */,
			);
			name = NursingUITests;
			productName = NursingUITests;
			productReference = 284D059F1E67E554007DF96D /* NursingUITests.xctest */;
			productType = "com.apple.product-type.bundle.ui-testing";
		};
		285B29081E67E78E00FD9087 /* NursingCommon */ = {
			isa = PBXNativeTarget;
			buildConfigurationList = 285B29241E67E78E00FD9087 /* Build configuration list for PBXNativeTarget "NursingCommon" */;
			buildPhases = (
				3D2AC16A108CF0AEE7962AF5 /* [CP] Check Pods Manifest.lock */,
				285B29041E67E78E00FD9087 /* Sources */,
				285B29051E67E78E00FD9087 /* Frameworks */,
				285B29061E67E78E00FD9087 /* Headers */,
				285B29071E67E78E00FD9087 /* Resources */,
				EDCB75254B520F611BC986AF /* [CP] Copy Pods Resources */,
			);
			buildRules = (
			);
			dependencies = (
			);
			name = NursingCommon;
			productName = NursingCommon;
			productReference = 285B29091E67E78E00FD9087 /* NursingCommon.framework */;
			productType = "com.apple.product-type.framework";
		};
		285B29101E67E78E00FD9087 /* NursingCommonTests */ = {
			isa = PBXNativeTarget;
			buildConfigurationList = 285B29261E67E78E00FD9087 /* Build configuration list for PBXNativeTarget "NursingCommonTests" */;
			buildPhases = (
				AC9B13708712DED7AD8D00CC /* [CP] Check Pods Manifest.lock */,
				285B290D1E67E78E00FD9087 /* Sources */,
				285B290E1E67E78E00FD9087 /* Frameworks */,
				285B290F1E67E78E00FD9087 /* Resources */,
				725E15450591B3FFA49758C2 /* [CP] Embed Pods Frameworks */,
				B6214FAE5038F173C78476D8 /* [CP] Copy Pods Resources */,
			);
			buildRules = (
			);
			dependencies = (
				285B29141E67E78E00FD9087 /* PBXTargetDependency */,
				285B29161E67E78E00FD9087 /* PBXTargetDependency */,
			);
			name = NursingCommonTests;
			productName = NursingCommonTests;
			productReference = 285B29111E67E78E00FD9087 /* NursingCommonTests.xctest */;
			productType = "com.apple.product-type.bundle.unit-test";
		};
/* End PBXNativeTarget section */

/* Begin PBXProject section */
		284D05761E67E554007DF96D /* Project object */ = {
			isa = PBXProject;
			attributes = {
				LastSwiftUpdateCheck = 0820;
				LastUpgradeCheck = 0820;
				ORGANIZATIONNAME = "Markus Svensson";
				TargetAttributes = {
					284D057D1E67E554007DF96D = {
						CreatedOnToolsVersion = 8.2.1;
						DevelopmentTeam = U3RT588H7Y;
						ProvisioningStyle = Automatic;
					};
					284D05931E67E554007DF96D = {
						CreatedOnToolsVersion = 8.2.1;
						DevelopmentTeam = U3RT588H7Y;
						ProvisioningStyle = Automatic;
						TestTargetID = 284D057D1E67E554007DF96D;
					};
					284D059E1E67E554007DF96D = {
						CreatedOnToolsVersion = 8.2.1;
						DevelopmentTeam = U3RT588H7Y;
						ProvisioningStyle = Automatic;
						TestTargetID = 284D057D1E67E554007DF96D;
					};
					285B29081E67E78E00FD9087 = {
						CreatedOnToolsVersion = 8.2.1;
						DevelopmentTeam = U3RT588H7Y;
						LastSwiftMigration = 0820;
						ProvisioningStyle = Automatic;
					};
					285B29101E67E78E00FD9087 = {
						CreatedOnToolsVersion = 8.2.1;
						DevelopmentTeam = U3RT588H7Y;
						ProvisioningStyle = Automatic;
						TestTargetID = 284D057D1E67E554007DF96D;
					};
				};
			};
			buildConfigurationList = 284D05791E67E554007DF96D /* Build configuration list for PBXProject "Nursing" */;
			compatibilityVersion = "Xcode 3.2";
			developmentRegion = English;
			hasScannedForEncodings = 0;
			knownRegions = (
				en,
				Base,
			);
			mainGroup = 284D05751E67E554007DF96D;
			productRefGroup = 284D057F1E67E554007DF96D /* Products */;
			projectDirPath = "";
			projectRoot = "";
			targets = (
				284D057D1E67E554007DF96D /* Nursing */,
				284D05931E67E554007DF96D /* NursingTests */,
				284D059E1E67E554007DF96D /* NursingUITests */,
				285B29081E67E78E00FD9087 /* NursingCommon */,
				285B29101E67E78E00FD9087 /* NursingCommonTests */,
			);
		};
/* End PBXProject section */

/* Begin PBXResourcesBuildPhase section */
		284D057C1E67E554007DF96D /* Resources */ = {
			isa = PBXResourcesBuildPhase;
			buildActionMask = 2147483647;
			files = (
				284D058E1E67E554007DF96D /* LaunchScreen.storyboard in Resources */,
				284D058B1E67E554007DF96D /* Assets.xcassets in Resources */,
				284D05891E67E554007DF96D /* Main.storyboard in Resources */,
			);
			runOnlyForDeploymentPostprocessing = 0;
		};
		284D05921E67E554007DF96D /* Resources */ = {
			isa = PBXResourcesBuildPhase;
			buildActionMask = 2147483647;
			files = (
			);
			runOnlyForDeploymentPostprocessing = 0;
		};
		284D059D1E67E554007DF96D /* Resources */ = {
			isa = PBXResourcesBuildPhase;
			buildActionMask = 2147483647;
			files = (
			);
			runOnlyForDeploymentPostprocessing = 0;
		};
		285B29071E67E78E00FD9087 /* Resources */ = {
			isa = PBXResourcesBuildPhase;
			buildActionMask = 2147483647;
			files = (
			);
			runOnlyForDeploymentPostprocessing = 0;
		};
		285B290F1E67E78E00FD9087 /* Resources */ = {
			isa = PBXResourcesBuildPhase;
			buildActionMask = 2147483647;
			files = (
			);
			runOnlyForDeploymentPostprocessing = 0;
		};
/* End PBXResourcesBuildPhase section */

/* Begin PBXShellScriptBuildPhase section */
		08DAF788D570B16396A41F2E /* [CP] Embed Pods Frameworks */ = {
			isa = PBXShellScriptBuildPhase;
			buildActionMask = 2147483647;
			files = (
			);
			inputPaths = (
			);
			name = "[CP] Embed Pods Frameworks";
			outputPaths = (
			);
			runOnlyForDeploymentPostprocessing = 0;
			shellPath = /bin/sh;
			shellScript = "\"${SRCROOT}/Pods/Target Support Files/Pods-NursingTests/Pods-NursingTests-frameworks.sh\"\n";
			showEnvVarsInLog = 0;
		};
		0B501F19B1D11DE7FF1E9DFD /* [CP] Check Pods Manifest.lock */ = {
			isa = PBXShellScriptBuildPhase;
			buildActionMask = 2147483647;
			files = (
			);
			inputPaths = (
			);
			name = "[CP] Check Pods Manifest.lock";
			outputPaths = (
			);
			runOnlyForDeploymentPostprocessing = 0;
			shellPath = /bin/sh;
			shellScript = "diff \"${PODS_ROOT}/../Podfile.lock\" \"${PODS_ROOT}/Manifest.lock\" > /dev/null\nif [ $? != 0 ] ; then\n    # print error to STDERR\n    echo \"error: The sandbox is not in sync with the Podfile.lock. Run 'pod install' or update your CocoaPods installation.\" >&2\n    exit 1\nfi\n";
			showEnvVarsInLog = 0;
		};
		32048838EC4E1A9C06BD01BB /* [CP] Check Pods Manifest.lock */ = {
			isa = PBXShellScriptBuildPhase;
			buildActionMask = 2147483647;
			files = (
			);
			inputPaths = (
			);
			name = "[CP] Check Pods Manifest.lock";
			outputPaths = (
			);
			runOnlyForDeploymentPostprocessing = 0;
			shellPath = /bin/sh;
			shellScript = "diff \"${PODS_ROOT}/../Podfile.lock\" \"${PODS_ROOT}/Manifest.lock\" > /dev/null\nif [ $? != 0 ] ; then\n    # print error to STDERR\n    echo \"error: The sandbox is not in sync with the Podfile.lock. Run 'pod install' or update your CocoaPods installation.\" >&2\n    exit 1\nfi\n";
			showEnvVarsInLog = 0;
		};
		3D2AC16A108CF0AEE7962AF5 /* [CP] Check Pods Manifest.lock */ = {
			isa = PBXShellScriptBuildPhase;
			buildActionMask = 2147483647;
			files = (
			);
			inputPaths = (
			);
			name = "[CP] Check Pods Manifest.lock";
			outputPaths = (
			);
			runOnlyForDeploymentPostprocessing = 0;
			shellPath = /bin/sh;
			shellScript = "diff \"${PODS_ROOT}/../Podfile.lock\" \"${PODS_ROOT}/Manifest.lock\" > /dev/null\nif [ $? != 0 ] ; then\n    # print error to STDERR\n    echo \"error: The sandbox is not in sync with the Podfile.lock. Run 'pod install' or update your CocoaPods installation.\" >&2\n    exit 1\nfi\n";
			showEnvVarsInLog = 0;
		};
		4794DD1A1463B862EA18C263 /* [CP] Check Pods Manifest.lock */ = {
			isa = PBXShellScriptBuildPhase;
			buildActionMask = 2147483647;
			files = (
			);
			inputPaths = (
			);
			name = "[CP] Check Pods Manifest.lock";
			outputPaths = (
			);
			runOnlyForDeploymentPostprocessing = 0;
			shellPath = /bin/sh;
			shellScript = "diff \"${PODS_ROOT}/../Podfile.lock\" \"${PODS_ROOT}/Manifest.lock\" > /dev/null\nif [ $? != 0 ] ; then\n    # print error to STDERR\n    echo \"error: The sandbox is not in sync with the Podfile.lock. Run 'pod install' or update your CocoaPods installation.\" >&2\n    exit 1\nfi\n";
			showEnvVarsInLog = 0;
		};
		4B8E89A0727BBEEDAE96CF37 /* [CP] Copy Pods Resources */ = {
			isa = PBXShellScriptBuildPhase;
			buildActionMask = 2147483647;
			files = (
			);
			inputPaths = (
			);
			name = "[CP] Copy Pods Resources";
			outputPaths = (
			);
			runOnlyForDeploymentPostprocessing = 0;
			shellPath = /bin/sh;
			shellScript = "\"${SRCROOT}/Pods/Target Support Files/Pods-NursingTests/Pods-NursingTests-resources.sh\"\n";
			showEnvVarsInLog = 0;
		};
		605287255AEC9D8E89FB80E2 /* [CP] Copy Pods Resources */ = {
			isa = PBXShellScriptBuildPhase;
			buildActionMask = 2147483647;
			files = (
			);
			inputPaths = (
			);
			name = "[CP] Copy Pods Resources";
			outputPaths = (
			);
			runOnlyForDeploymentPostprocessing = 0;
			shellPath = /bin/sh;
			shellScript = "\"${SRCROOT}/Pods/Target Support Files/Pods-NursingUITests/Pods-NursingUITests-resources.sh\"\n";
			showEnvVarsInLog = 0;
		};
		725E15450591B3FFA49758C2 /* [CP] Embed Pods Frameworks */ = {
			isa = PBXShellScriptBuildPhase;
			buildActionMask = 2147483647;
			files = (
			);
			inputPaths = (
			);
			name = "[CP] Embed Pods Frameworks";
			outputPaths = (
			);
			runOnlyForDeploymentPostprocessing = 0;
			shellPath = /bin/sh;
			shellScript = "\"${SRCROOT}/Pods/Target Support Files/Pods-NursingCommonTests/Pods-NursingCommonTests-frameworks.sh\"\n";
			showEnvVarsInLog = 0;
		};
		83F4A3E15168D23A762C4013 /* [CP] Embed Pods Frameworks */ = {
			isa = PBXShellScriptBuildPhase;
			buildActionMask = 2147483647;
			files = (
			);
			inputPaths = (
			);
			name = "[CP] Embed Pods Frameworks";
			outputPaths = (
			);
			runOnlyForDeploymentPostprocessing = 0;
			shellPath = /bin/sh;
			shellScript = "\"${SRCROOT}/Pods/Target Support Files/Pods-Nursing/Pods-Nursing-frameworks.sh\"\n";
			showEnvVarsInLog = 0;
		};
		89EC9C162BA4CE8EB0961F4C /* [CP] Embed Pods Frameworks */ = {
			isa = PBXShellScriptBuildPhase;
			buildActionMask = 2147483647;
			files = (
			);
			inputPaths = (
			);
			name = "[CP] Embed Pods Frameworks";
			outputPaths = (
			);
			runOnlyForDeploymentPostprocessing = 0;
			shellPath = /bin/sh;
			shellScript = "\"${SRCROOT}/Pods/Target Support Files/Pods-NursingUITests/Pods-NursingUITests-frameworks.sh\"\n";
			showEnvVarsInLog = 0;
		};
		AC9B13708712DED7AD8D00CC /* [CP] Check Pods Manifest.lock */ = {
			isa = PBXShellScriptBuildPhase;
			buildActionMask = 2147483647;
			files = (
			);
			inputPaths = (
			);
			name = "[CP] Check Pods Manifest.lock";
			outputPaths = (
			);
			runOnlyForDeploymentPostprocessing = 0;
			shellPath = /bin/sh;
			shellScript = "diff \"${PODS_ROOT}/../Podfile.lock\" \"${PODS_ROOT}/Manifest.lock\" > /dev/null\nif [ $? != 0 ] ; then\n    # print error to STDERR\n    echo \"error: The sandbox is not in sync with the Podfile.lock. Run 'pod install' or update your CocoaPods installation.\" >&2\n    exit 1\nfi\n";
			showEnvVarsInLog = 0;
		};
		B6214FAE5038F173C78476D8 /* [CP] Copy Pods Resources */ = {
			isa = PBXShellScriptBuildPhase;
			buildActionMask = 2147483647;
			files = (
			);
			inputPaths = (
			);
			name = "[CP] Copy Pods Resources";
			outputPaths = (
			);
			runOnlyForDeploymentPostprocessing = 0;
			shellPath = /bin/sh;
			shellScript = "\"${SRCROOT}/Pods/Target Support Files/Pods-NursingCommonTests/Pods-NursingCommonTests-resources.sh\"\n";
			showEnvVarsInLog = 0;
		};
		D295BE63591DDCB2B66524CA /* [CP] Copy Pods Resources */ = {
			isa = PBXShellScriptBuildPhase;
			buildActionMask = 2147483647;
			files = (
			);
			inputPaths = (
			);
			name = "[CP] Copy Pods Resources";
			outputPaths = (
			);
			runOnlyForDeploymentPostprocessing = 0;
			shellPath = /bin/sh;
			shellScript = "\"${SRCROOT}/Pods/Target Support Files/Pods-Nursing/Pods-Nursing-resources.sh\"\n";
			showEnvVarsInLog = 0;
		};
		EDCB75254B520F611BC986AF /* [CP] Copy Pods Resources */ = {
			isa = PBXShellScriptBuildPhase;
			buildActionMask = 2147483647;
			files = (
			);
			inputPaths = (
			);
			name = "[CP] Copy Pods Resources";
			outputPaths = (
			);
			runOnlyForDeploymentPostprocessing = 0;
			shellPath = /bin/sh;
			shellScript = "\"${SRCROOT}/Pods/Target Support Files/Pods-NursingCommon/Pods-NursingCommon-resources.sh\"\n";
			showEnvVarsInLog = 0;
		};
/* End PBXShellScriptBuildPhase section */

/* Begin PBXSourcesBuildPhase section */
		284D057A1E67E554007DF96D /* Sources */ = {
			isa = PBXSourcesBuildPhase;
			buildActionMask = 2147483647;
			files = (
				284D05861E67E554007DF96D /* SecondViewController.swift in Sources */,
				284D05821E67E554007DF96D /* AppDelegate.swift in Sources */,
				284D05841E67E554007DF96D /* FirstViewController.swift in Sources */,
			);
			runOnlyForDeploymentPostprocessing = 0;
		};
		284D05901E67E554007DF96D /* Sources */ = {
			isa = PBXSourcesBuildPhase;
			buildActionMask = 2147483647;
			files = (
				284D05991E67E554007DF96D /* NursingTests.swift in Sources */,
			);
			runOnlyForDeploymentPostprocessing = 0;
		};
		284D059B1E67E554007DF96D /* Sources */ = {
			isa = PBXSourcesBuildPhase;
			buildActionMask = 2147483647;
			files = (
				284D05A41E67E554007DF96D /* NursingUITests.swift in Sources */,
			);
			runOnlyForDeploymentPostprocessing = 0;
		};
		285B29041E67E78E00FD9087 /* Sources */ = {
			isa = PBXSourcesBuildPhase;
			buildActionMask = 2147483647;
			files = (
			);
			runOnlyForDeploymentPostprocessing = 0;
		};
		285B290D1E67E78E00FD9087 /* Sources */ = {
			isa = PBXSourcesBuildPhase;
			buildActionMask = 2147483647;
			files = (
				285B29191E67E78E00FD9087 /* NursingCommonTests.swift in Sources */,
			);
			runOnlyForDeploymentPostprocessing = 0;
		};
/* End PBXSourcesBuildPhase section */

/* Begin PBXTargetDependency section */
		284D05961E67E554007DF96D /* PBXTargetDependency */ = {
			isa = PBXTargetDependency;
			target = 284D057D1E67E554007DF96D /* Nursing */;
			targetProxy = 284D05951E67E554007DF96D /* PBXContainerItemProxy */;
		};
		284D05A11E67E554007DF96D /* PBXTargetDependency */ = {
			isa = PBXTargetDependency;
			target = 284D057D1E67E554007DF96D /* Nursing */;
			targetProxy = 284D05A01E67E554007DF96D /* PBXContainerItemProxy */;
		};
		285B29141E67E78E00FD9087 /* PBXTargetDependency */ = {
			isa = PBXTargetDependency;
			target = 285B29081E67E78E00FD9087 /* NursingCommon */;
			targetProxy = 285B29131E67E78E00FD9087 /* PBXContainerItemProxy */;
		};
		285B29161E67E78E00FD9087 /* PBXTargetDependency */ = {
			isa = PBXTargetDependency;
			target = 284D057D1E67E554007DF96D /* Nursing */;
			targetProxy = 285B29151E67E78E00FD9087 /* PBXContainerItemProxy */;
		};
		285B291D1E67E78E00FD9087 /* PBXTargetDependency */ = {
			isa = PBXTargetDependency;
			target = 285B29081E67E78E00FD9087 /* NursingCommon */;
			targetProxy = 285B291C1E67E78E00FD9087 /* PBXContainerItemProxy */;
		};
/* End PBXTargetDependency section */

/* Begin PBXVariantGroup section */
		284D05871E67E554007DF96D /* Main.storyboard */ = {
			isa = PBXVariantGroup;
			children = (
				284D05881E67E554007DF96D /* Base */,
			);
			name = Main.storyboard;
			sourceTree = "<group>";
		};
		284D058C1E67E554007DF96D /* LaunchScreen.storyboard */ = {
			isa = PBXVariantGroup;
			children = (
				284D058D1E67E554007DF96D /* Base */,
			);
			name = LaunchScreen.storyboard;
			sourceTree = "<group>";
		};
/* End PBXVariantGroup section */

/* Begin XCBuildConfiguration section */
		284D05A61E67E554007DF96D /* Debug */ = {
			isa = XCBuildConfiguration;
			buildSettings = {
				ALWAYS_SEARCH_USER_PATHS = NO;
				CLANG_ANALYZER_NONNULL = YES;
				CLANG_CXX_LANGUAGE_STANDARD = "gnu++0x";
				CLANG_CXX_LIBRARY = "libc++";
				CLANG_ENABLE_MODULES = YES;
				CLANG_ENABLE_OBJC_ARC = YES;
				CLANG_WARN_BOOL_CONVERSION = YES;
				CLANG_WARN_CONSTANT_CONVERSION = YES;
				CLANG_WARN_DIRECT_OBJC_ISA_USAGE = YES_ERROR;
				CLANG_WARN_DOCUMENTATION_COMMENTS = YES;
				CLANG_WARN_EMPTY_BODY = YES;
				CLANG_WARN_ENUM_CONVERSION = YES;
				CLANG_WARN_INFINITE_RECURSION = YES;
				CLANG_WARN_INT_CONVERSION = YES;
				CLANG_WARN_OBJC_ROOT_CLASS = YES_ERROR;
				CLANG_WARN_SUSPICIOUS_MOVE = YES;
				CLANG_WARN_UNREACHABLE_CODE = YES;
				CLANG_WARN__DUPLICATE_METHOD_MATCH = YES;
				"CODE_SIGN_IDENTITY[sdk=iphoneos*]" = "iPhone Developer";
				COPY_PHASE_STRIP = NO;
				DEBUG_INFORMATION_FORMAT = dwarf;
				ENABLE_STRICT_OBJC_MSGSEND = YES;
				ENABLE_TESTABILITY = YES;
				GCC_C_LANGUAGE_STANDARD = gnu99;
				GCC_DYNAMIC_NO_PIC = NO;
				GCC_NO_COMMON_BLOCKS = YES;
				GCC_OPTIMIZATION_LEVEL = 0;
				GCC_PREPROCESSOR_DEFINITIONS = (
					"DEBUG=1",
					"$(inherited)",
				);
				GCC_WARN_64_TO_32_BIT_CONVERSION = YES;
				GCC_WARN_ABOUT_RETURN_TYPE = YES_ERROR;
				GCC_WARN_UNDECLARED_SELECTOR = YES;
				GCC_WARN_UNINITIALIZED_AUTOS = YES_AGGRESSIVE;
				GCC_WARN_UNUSED_FUNCTION = YES;
				GCC_WARN_UNUSED_VARIABLE = YES;
				IPHONEOS_DEPLOYMENT_TARGET = 10.0;
				MTL_ENABLE_DEBUG_INFO = YES;
				ONLY_ACTIVE_ARCH = YES;
				SDKROOT = iphoneos;
				SWIFT_ACTIVE_COMPILATION_CONDITIONS = DEBUG;
				SWIFT_OPTIMIZATION_LEVEL = "-Onone";
				TARGETED_DEVICE_FAMILY = "1,2";
			};
			name = Debug;
		};
		284D05A71E67E554007DF96D /* Release */ = {
			isa = XCBuildConfiguration;
			buildSettings = {
				ALWAYS_SEARCH_USER_PATHS = NO;
				CLANG_ANALYZER_NONNULL = YES;
				CLANG_CXX_LANGUAGE_STANDARD = "gnu++0x";
				CLANG_CXX_LIBRARY = "libc++";
				CLANG_ENABLE_MODULES = YES;
				CLANG_ENABLE_OBJC_ARC = YES;
				CLANG_WARN_BOOL_CONVERSION = YES;
				CLANG_WARN_CONSTANT_CONVERSION = YES;
				CLANG_WARN_DIRECT_OBJC_ISA_USAGE = YES_ERROR;
				CLANG_WARN_DOCUMENTATION_COMMENTS = YES;
				CLANG_WARN_EMPTY_BODY = YES;
				CLANG_WARN_ENUM_CONVERSION = YES;
				CLANG_WARN_INFINITE_RECURSION = YES;
				CLANG_WARN_INT_CONVERSION = YES;
				CLANG_WARN_OBJC_ROOT_CLASS = YES_ERROR;
				CLANG_WARN_SUSPICIOUS_MOVE = YES;
				CLANG_WARN_UNREACHABLE_CODE = YES;
				CLANG_WARN__DUPLICATE_METHOD_MATCH = YES;
				"CODE_SIGN_IDENTITY[sdk=iphoneos*]" = "iPhone Developer";
				COPY_PHASE_STRIP = NO;
				DEBUG_INFORMATION_FORMAT = "dwarf-with-dsym";
				ENABLE_NS_ASSERTIONS = NO;
				ENABLE_STRICT_OBJC_MSGSEND = YES;
				GCC_C_LANGUAGE_STANDARD = gnu99;
				GCC_NO_COMMON_BLOCKS = YES;
				GCC_WARN_64_TO_32_BIT_CONVERSION = YES;
				GCC_WARN_ABOUT_RETURN_TYPE = YES_ERROR;
				GCC_WARN_UNDECLARED_SELECTOR = YES;
				GCC_WARN_UNINITIALIZED_AUTOS = YES_AGGRESSIVE;
				GCC_WARN_UNUSED_FUNCTION = YES;
				GCC_WARN_UNUSED_VARIABLE = YES;
				IPHONEOS_DEPLOYMENT_TARGET = 10.0;
				MTL_ENABLE_DEBUG_INFO = NO;
				SDKROOT = iphoneos;
				SWIFT_OPTIMIZATION_LEVEL = "-Owholemodule";
				TARGETED_DEVICE_FAMILY = "1,2";
				VALIDATE_PRODUCT = YES;
			};
			name = Release;
		};
		284D05A91E67E554007DF96D /* Debug */ = {
			isa = XCBuildConfiguration;
			baseConfigurationReference = 73D129C8E295A1849C85DBD2 /* Pods-Nursing.debug.xcconfig */;
			buildSettings = {
				ASSETCATALOG_COMPILER_APPICON_NAME = AppIcon;
				DEVELOPMENT_TEAM = U3RT588H7Y;
				INFOPLIST_FILE = Nursing/Info.plist;
				LD_RUNPATH_SEARCH_PATHS = "$(inherited) @executable_path/Frameworks";
				PRODUCT_BUNDLE_IDENTIFIER = Kinddev.Nursing;
				PRODUCT_NAME = "$(TARGET_NAME)";
				SWIFT_VERSION = 3.0;
			};
			name = Debug;
		};
		284D05AA1E67E554007DF96D /* Release */ = {
			isa = XCBuildConfiguration;
			baseConfigurationReference = CC8A0E999D989AECAE8F4F9A /* Pods-Nursing.release.xcconfig */;
			buildSettings = {
				ASSETCATALOG_COMPILER_APPICON_NAME = AppIcon;
				DEVELOPMENT_TEAM = U3RT588H7Y;
				INFOPLIST_FILE = Nursing/Info.plist;
				LD_RUNPATH_SEARCH_PATHS = "$(inherited) @executable_path/Frameworks";
				PRODUCT_BUNDLE_IDENTIFIER = Kinddev.Nursing;
				PRODUCT_NAME = "$(TARGET_NAME)";
				SWIFT_VERSION = 3.0;
			};
			name = Release;
		};
		284D05AC1E67E554007DF96D /* Debug */ = {
			isa = XCBuildConfiguration;
			baseConfigurationReference = 0182F2B4507DD5EEB50E2376 /* Pods-NursingTests.debug.xcconfig */;
			buildSettings = {
				ALWAYS_EMBED_SWIFT_STANDARD_LIBRARIES = YES;
				BUNDLE_LOADER = "$(TEST_HOST)";
				DEVELOPMENT_TEAM = U3RT588H7Y;
				INFOPLIST_FILE = NursingTests/Info.plist;
				LD_RUNPATH_SEARCH_PATHS = "$(inherited) @executable_path/Frameworks @loader_path/Frameworks";
				PRODUCT_BUNDLE_IDENTIFIER = Kinddev.NursingTests;
				PRODUCT_NAME = "$(TARGET_NAME)";
				SWIFT_VERSION = 3.0;
				TEST_HOST = "$(BUILT_PRODUCTS_DIR)/Nursing.app/Nursing";
			};
			name = Debug;
		};
		284D05AD1E67E554007DF96D /* Release */ = {
			isa = XCBuildConfiguration;
			baseConfigurationReference = D50403CA732ACB51415424E5 /* Pods-NursingTests.release.xcconfig */;
			buildSettings = {
				ALWAYS_EMBED_SWIFT_STANDARD_LIBRARIES = YES;
				BUNDLE_LOADER = "$(TEST_HOST)";
				DEVELOPMENT_TEAM = U3RT588H7Y;
				INFOPLIST_FILE = NursingTests/Info.plist;
				LD_RUNPATH_SEARCH_PATHS = "$(inherited) @executable_path/Frameworks @loader_path/Frameworks";
				PRODUCT_BUNDLE_IDENTIFIER = Kinddev.NursingTests;
				PRODUCT_NAME = "$(TARGET_NAME)";
				SWIFT_VERSION = 3.0;
				TEST_HOST = "$(BUILT_PRODUCTS_DIR)/Nursing.app/Nursing";
			};
			name = Release;
		};
		284D05AF1E67E554007DF96D /* Debug */ = {
			isa = XCBuildConfiguration;
			baseConfigurationReference = 71D3D141B0BD08969CE29144 /* Pods-NursingUITests.debug.xcconfig */;
			buildSettings = {
				ALWAYS_EMBED_SWIFT_STANDARD_LIBRARIES = YES;
				DEVELOPMENT_TEAM = U3RT588H7Y;
				INFOPLIST_FILE = NursingUITests/Info.plist;
				LD_RUNPATH_SEARCH_PATHS = "$(inherited) @executable_path/Frameworks @loader_path/Frameworks";
				PRODUCT_BUNDLE_IDENTIFIER = Kinddev.NursingUITests;
				PRODUCT_NAME = "$(TARGET_NAME)";
				SWIFT_VERSION = 3.0;
				TEST_TARGET_NAME = Nursing;
			};
			name = Debug;
		};
		284D05B01E67E554007DF96D /* Release */ = {
			isa = XCBuildConfiguration;
			baseConfigurationReference = C0DF136EB668D9AE02019B82 /* Pods-NursingUITests.release.xcconfig */;
			buildSettings = {
				ALWAYS_EMBED_SWIFT_STANDARD_LIBRARIES = YES;
				DEVELOPMENT_TEAM = U3RT588H7Y;
				INFOPLIST_FILE = NursingUITests/Info.plist;
				LD_RUNPATH_SEARCH_PATHS = "$(inherited) @executable_path/Frameworks @loader_path/Frameworks";
				PRODUCT_BUNDLE_IDENTIFIER = Kinddev.NursingUITests;
				PRODUCT_NAME = "$(TARGET_NAME)";
				SWIFT_VERSION = 3.0;
				TEST_TARGET_NAME = Nursing;
			};
			name = Release;
		};
		285B29201E67E78E00FD9087 /* Debug */ = {
			isa = XCBuildConfiguration;
			baseConfigurationReference = 179704984B3883EFE7F1D195 /* Pods-NursingCommon.debug.xcconfig */;
			buildSettings = {
				CLANG_ENABLE_MODULES = YES;
				CODE_SIGN_IDENTITY = "";
				CURRENT_PROJECT_VERSION = 1;
				DEFINES_MODULE = YES;
				DEVELOPMENT_TEAM = U3RT588H7Y;
				DYLIB_COMPATIBILITY_VERSION = 1;
				DYLIB_CURRENT_VERSION = 1;
				DYLIB_INSTALL_NAME_BASE = "@rpath";
				INFOPLIST_FILE = NursingCommon/Info.plist;
				INSTALL_PATH = "$(LOCAL_LIBRARY_DIR)/Frameworks";
				IPHONEOS_DEPLOYMENT_TARGET = 10.0;
				LD_RUNPATH_SEARCH_PATHS = "$(inherited) @executable_path/Frameworks @loader_path/Frameworks";
				PRODUCT_BUNDLE_IDENTIFIER = Kinddev.NursingCommon;
				PRODUCT_NAME = "$(TARGET_NAME)";
				SKIP_INSTALL = YES;
				SWIFT_OPTIMIZATION_LEVEL = "-Onone";
				SWIFT_VERSION = 3.0;
				VERSIONING_SYSTEM = "apple-generic";
				VERSION_INFO_PREFIX = "";
			};
			name = Debug;
		};
		285B29211E67E78E00FD9087 /* Release */ = {
			isa = XCBuildConfiguration;
			baseConfigurationReference = E1BE1FAA45A7E1866EEC5D4D /* Pods-NursingCommon.release.xcconfig */;
			buildSettings = {
				CLANG_ENABLE_MODULES = YES;
				CODE_SIGN_IDENTITY = "";
				CURRENT_PROJECT_VERSION = 1;
				DEFINES_MODULE = YES;
				DEVELOPMENT_TEAM = U3RT588H7Y;
				DYLIB_COMPATIBILITY_VERSION = 1;
				DYLIB_CURRENT_VERSION = 1;
				DYLIB_INSTALL_NAME_BASE = "@rpath";
				INFOPLIST_FILE = NursingCommon/Info.plist;
				INSTALL_PATH = "$(LOCAL_LIBRARY_DIR)/Frameworks";
				IPHONEOS_DEPLOYMENT_TARGET = 10.0;
				LD_RUNPATH_SEARCH_PATHS = "$(inherited) @executable_path/Frameworks @loader_path/Frameworks";
				PRODUCT_BUNDLE_IDENTIFIER = Kinddev.NursingCommon;
				PRODUCT_NAME = "$(TARGET_NAME)";
				SKIP_INSTALL = YES;
				SWIFT_VERSION = 3.0;
				VERSIONING_SYSTEM = "apple-generic";
				VERSION_INFO_PREFIX = "";
			};
			name = Release;
		};
		285B29221E67E78E00FD9087 /* Debug */ = {
			isa = XCBuildConfiguration;
			baseConfigurationReference = 035C41270E3D387251629120 /* Pods-NursingCommonTests.debug.xcconfig */;
			buildSettings = {
				DEVELOPMENT_TEAM = U3RT588H7Y;
				INFOPLIST_FILE = NursingCommonTests/Info.plist;
				IPHONEOS_DEPLOYMENT_TARGET = 10.2;
				LD_RUNPATH_SEARCH_PATHS = "$(inherited) @executable_path/Frameworks @loader_path/Frameworks";
				PRODUCT_BUNDLE_IDENTIFIER = Kinddev.NursingCommonTests;
				PRODUCT_NAME = "$(TARGET_NAME)";
				SWIFT_VERSION = 3.0;
				TEST_HOST = "$(BUILT_PRODUCTS_DIR)/Nursing.app/Nursing";
			};
			name = Debug;
		};
		285B29231E67E78E00FD9087 /* Release */ = {
			isa = XCBuildConfiguration;
			baseConfigurationReference = 9409B613330087AA68CF9A4A /* Pods-NursingCommonTests.release.xcconfig */;
			buildSettings = {
				DEVELOPMENT_TEAM = U3RT588H7Y;
				INFOPLIST_FILE = NursingCommonTests/Info.plist;
				IPHONEOS_DEPLOYMENT_TARGET = 10.2;
				LD_RUNPATH_SEARCH_PATHS = "$(inherited) @executable_path/Frameworks @loader_path/Frameworks";
				PRODUCT_BUNDLE_IDENTIFIER = Kinddev.NursingCommonTests;
				PRODUCT_NAME = "$(TARGET_NAME)";
				SWIFT_VERSION = 3.0;
				TEST_HOST = "$(BUILT_PRODUCTS_DIR)/Nursing.app/Nursing";
			};
			name = Release;
		};
/* End XCBuildConfiguration section */

/* Begin XCConfigurationList section */
		284D05791E67E554007DF96D /* Build configuration list for PBXProject "Nursing" */ = {
			isa = XCConfigurationList;
			buildConfigurations = (
				284D05A61E67E554007DF96D /* Debug */,
				284D05A71E67E554007DF96D /* Release */,
			);
			defaultConfigurationIsVisible = 0;
			defaultConfigurationName = Release;
		};
		284D05A81E67E554007DF96D /* Build configuration list for PBXNativeTarget "Nursing" */ = {
			isa = XCConfigurationList;
			buildConfigurations = (
				284D05A91E67E554007DF96D /* Debug */,
				284D05AA1E67E554007DF96D /* Release */,
			);
			defaultConfigurationIsVisible = 0;
			defaultConfigurationName = Release;
		};
		284D05AB1E67E554007DF96D /* Build configuration list for PBXNativeTarget "NursingTests" */ = {
			isa = XCConfigurationList;
			buildConfigurations = (
				284D05AC1E67E554007DF96D /* Debug */,
				284D05AD1E67E554007DF96D /* Release */,
			);
			defaultConfigurationIsVisible = 0;
			defaultConfigurationName = Release;
		};
		284D05AE1E67E554007DF96D /* Build configuration list for PBXNativeTarget "NursingUITests" */ = {
			isa = XCConfigurationList;
			buildConfigurations = (
				284D05AF1E67E554007DF96D /* Debug */,
				284D05B01E67E554007DF96D /* Release */,
			);
			defaultConfigurationIsVisible = 0;
			defaultConfigurationName = Release;
		};
		285B29241E67E78E00FD9087 /* Build configuration list for PBXNativeTarget "NursingCommon" */ = {
			isa = XCConfigurationList;
			buildConfigurations = (
				285B29201E67E78E00FD9087 /* Debug */,
				285B29211E67E78E00FD9087 /* Release */,
			);
			defaultConfigurationIsVisible = 0;
		};
		285B29261E67E78E00FD9087 /* Build configuration list for PBXNativeTarget "NursingCommonTests" */ = {
			isa = XCConfigurationList;
			buildConfigurations = (
				285B29221E67E78E00FD9087 /* Debug */,
				285B29231E67E78E00FD9087 /* Release */,
			);
			defaultConfigurationIsVisible = 0;
		};
/* End XCConfigurationList section */
	};
	rootObject = 284D05761E67E554007DF96D /* Project object */;
}
